
Microsoft Visual Studio Solution File, Format Version 12.00
# Visual Studio Version 17
VisualStudioVersion = 17.9.34728.123
MinimumVisualStudioVersion = 10.0.40219.1
Project("{9A19103F-16F7-4668-BE54-9A1E7A4F7556}") = "MukaVM", "MukaVM\MukaVM.csproj", "{FF7AEBBC-3121-45E4-935C-4841AEB51546}"
EndProject
Project("{9A19103F-16F7-4668-BE54-9A1E7A4F7556}") = "MukaVM.Test", "MukaVM.Test\MukaVM.Test.csproj", "{30DB7C38-9B67-4285-ACC8-7A235532616D}"
EndProject
Project("{9A19103F-16F7-4668-BE54-9A1E7A4F7556}") = "mvm", "mvm\mvm.csproj", "{7E07DC92-F9F1-4181-9C9F-9081077C5CFE}"
EndProject
Global
	GlobalSection(SolutionConfigurationPlatforms) = preSolution
		Debug|Any CPU = Debug|Any CPU
		Debug|x64 = Debug|x64
		Debug|x86 = Debug|x86
		Release|Any CPU = Release|Any CPU
		Release|x64 = Release|x64
		Release|x86 = Release|x86
	EndGlobalSection
	GlobalSection(ProjectConfigurationPlatforms) = postSolution
		{FF7AEBBC-3121-45E4-935C-4841AEB51546}.Debug|Any CPU.ActiveCfg = Debug|Any CPU
		{FF7AEBBC-3121-45E4-935C-4841AEB51546}.Debug|Any CPU.Build.0 = Debug|Any CPU
		{FF7AEBBC-3121-45E4-935C-4841AEB51546}.Debug|x64.ActiveCfg = Debug|Any CPU
		{FF7AEBBC-3121-45E4-935C-4841AEB51546}.Debug|x64.Build.0 = Debug|Any CPU
		{FF7AEBBC-3121-45E4-935C-4841AEB51546}.Debug|x86.ActiveCfg = Debug|Any CPU
		{FF7AEBBC-3121-45E4-935C-4841AEB51546}.Debug|x86.Build.0 = Debug|Any CPU
		{FF7AEBBC-3121-45E4-935C-4841AEB51546}.Release|Any CPU.ActiveCfg = Release|Any CPU
		{FF7AEBBC-3121-45E4-935C-4841AEB51546}.Release|Any CPU.Build.0 = Release|Any CPU
		{FF7AEBBC-3121-45E4-935C-4841AEB51546}.Release|x64.ActiveCfg = Release|Any CPU
		{FF7AEBBC-3121-45E4-935C-4841AEB51546}.Release|x64.Build.0 = Release|Any CPU
		{FF7AEBBC-3121-45E4-935C-4841AEB51546}.Release|x86.ActiveCfg = Release|Any CPU
		{FF7AEBBC-3121-45E4-935C-4841AEB51546}.Release|x86.Build.0 = Release|Any CPU
		{30DB7C38-9B67-4285-ACC8-7A235532616D}.Debug|Any CPU.ActiveCfg = Debug|Any CPU
		{30DB7C38-9B67-4285-ACC8-7A235532616D}.Debug|Any CPU.Build.0 = Debug|Any CPU
		{30DB7C38-9B67-4285-ACC8-7A235532616D}.Debug|x64.ActiveCfg = Debug|Any CPU
		{30DB7C38-9B67-4285-ACC8-7A235532616D}.Debug|x64.Build.0 = Debug|Any CPU
		{30DB7C38-9B67-4285-ACC8-7A235532616D}.Debug|x86.ActiveCfg = Debug|Any CPU
		{30DB7C38-9B67-4285-ACC8-7A235532616D}.Debug|x86.Build.0 = Debug|Any CPU
		{30DB7C38-9B67-4285-ACC8-7A235532616D}.Release|Any CPU.ActiveCfg = Release|Any CPU
		{30DB7C38-9B67-4285-ACC8-7A235532616D}.Release|Any CPU.Build.0 = Release|Any CPU
		{30DB7C38-9B67-4285-ACC8-7A235532616D}.Release|x64.ActiveCfg = Release|Any CPU
		{30DB7C38-9B67-4285-ACC8-7A235532616D}.Release|x64.Build.0 = Release|Any CPU
		{30DB7C38-9B67-4285-ACC8-7A235532616D}.Release|x86.ActiveCfg = Release|Any CPU
		{30DB7C38-9B67-4285-ACC8-7A235532616D}.Release|x86.Build.0 = Release|Any CPU
		{7E07DC92-F9F1-4181-9C9F-9081077C5CFE}.Debug|Any CPU.ActiveCfg = Debug|Any CPU
		{7E07DC92-F9F1-4181-9C9F-9081077C5CFE}.Debug|Any CPU.Build.0 = Debug|Any CPU
		{7E07DC92-F9F1-4181-9C9F-9081077C5CFE}.Debug|x64.ActiveCfg = Debug|Any CPU
		{7E07DC92-F9F1-4181-9C9F-9081077C5CFE}.Debug|x64.Build.0 = Debug|Any CPU
		{7E07DC92-F9F1-4181-9C9F-9081077C5CFE}.Debug|x86.ActiveCfg = Debug|Any CPU
		{7E07DC92-F9F1-4181-9C9F-9081077C5CFE}.Debug|x86.Build.0 = Debug|Any CPU
		{7E07DC92-F9F1-4181-9C9F-9081077C5CFE}.Release|Any CPU.ActiveCfg = Release|Any CPU
		{7E07DC92-F9F1-4181-9C9F-9081077C5CFE}.Release|Any CPU.Build.0 = Release|Any CPU
		{7E07DC92-F9F1-4181-9C9F-9081077C5CFE}.Release|x64.ActiveCfg = Release|Any CPU
		{7E07DC92-F9F1-4181-9C9F-9081077C5CFE}.Release|x64.Build.0 = Release|Any CPU
		{7E07DC92-F9F1-4181-9C9F-9081077C5CFE}.Release|x86.ActiveCfg = Release|Any CPU
		{7E07DC92-F9F1-4181-9C9F-9081077C5CFE}.Release|x86.Build.0 = Release|Any CPU
	EndGlobalSection
	GlobalSection(SolutionProperties) = preSolution
		HideSolutionNode = FALSE
	EndGlobalSection
EndGlobal
